{
  "name": "3.0b版本",
  "lockfileVersion": 3,
  "requires": true,
  "packages": {
    "": {
      "dependencies": {
        "@mimo-ai/mimocode-windows-x64-baseline": "^0.1.2"
      }
    },
    "node_modules/@mimo-ai/mimocode-windows-x64-baseline": {
      "version": "0.1.2",
      "resolved": "https://registry.npmmirror.com/@mimo-ai/mimocode-windows-x64-baseline/-/mimocode-windows-x64-baseline-0.1.2.tgz",
      "integrity": "sha512-IC+oHCSfo52cVVbWicInstBlybQ2ouCUFNqMqmZXIYrxn6FyAhMhoWGkSbGF4BV/CNlwURfzrIpkxdrL4UIJRQ==",
      "cpu": [
        "x64"
      ],
      "license": "MIT",
      "os": [
        "win32"
      ]
    }
  }
}
